
Microsoft Visual Studio Solution File, Format Version 12.00
# Visual Studio Version 17
VisualStudioVersion = 17.13.35931.197 d17.13
MinimumVisualStudioVersion = 10.0.40219.1
Project("{FAE04EC0-301F-11D3-BF4B-00C04F79EFBC}") = "WebProjesi1", "WebProjesi1\WebProjesi1.csproj", "{277D1977-587C-4D73-B038-C2656EA91583}"
EndProject
Global
	GlobalSection(SolutionConfigurationPlatforms) = preSolution
		Debug|Any CPU = Debug|Any CPU
		Release|Any CPU = Release|Any CPU
	EndGlobalSection
	GlobalSection(ProjectConfigurationPlatforms) = postSolution
		{277D1977-587C-4D73-B038-C2656EA91583}.Debug|Any CPU.ActiveCfg = Debug|Any CPU
		{277D1977-587C-4D73-B038-C2656EA91583}.Debug|Any CPU.Build.0 = Debug|Any CPU
		{277D1977-587C-4D73-B038-C2656EA91583}.Release|Any CPU.ActiveCfg = Release|Any CPU
		{277D1977-587C-4D73-B038-C2656EA91583}.Release|Any CPU.Build.0 = Release|Any CPU
	EndGlobalSection
	GlobalSection(SolutionProperties) = preSolution
		HideSolutionNode = FALSE
	EndGlobalSection
	GlobalSection(ExtensibilityGlobals) = postSolution
		SolutionGuid = {4905EDC9-9E37-4447-850A-E3B7CC78D228}
	EndGlobalSection
EndGlobal
